PODS:
  - Colours (5.13.0):
    - Colours/ObjC (= 5.13.0)
  - Colours/ObjC (5.13.0)
  - GCDWebServer (3.5.0):
    - GCDWebServer/Core (= 3.5.0)
  - GCDWebServer/Core (3.5.0)
  - HTTPStatusCodes (3.2.0)
  - Overture (0.3.0)
  - R.swift (4.0.0):
    - R.swift.Library (~> 4.0.0)
  - R.swift.Library (4.0.0)
  - ReSwift (4.0.1)
  - SBTUITestTunnel/Client (3.1.4)
  - SBTUITestTunnel/Server (3.1.4):
    - GCDWebServer (~> 3.0)

DEPENDENCIES:
  - Colours
  - GCDWebServer
  - HTTPStatusCodes
  - Overture
  - R.swift
  - ReSwift
  - SBTUITestTunnel/Client
  - SBTUITestTunnel/Server

SPEC REPOS:
  https://github.com/cocoapods/specs.git:
    - Colours
    - GCDWebServer
    - HTTPStatusCodes
    - Overture
    - R.swift
    - R.swift.Library
    - ReSwift
    - SBTUITestTunnel

SPEC CHECKSUMS:
  Colours: f24220c38f13deac88612667e9b4a7fb96b871d4
  GCDWebServer: 613cda7b8545b6a7168f22167c683470f4f31beb
  HTTPStatusCodes: 69f50d229c4b5d6dcb48fad9c86e32ded975bcd3
  Overture: 05dd0bcf2c9c63f1cf4555cd321baaef76d58784
  R.swift: d6a5ec2f55a8441dc0ed9f1f8b37d7d11ae85c66
  R.swift.Library: c3af34921024333546e23b70e70d0b4e0cffca75
  ReSwift: f4012c613e13da7398827fe5aebdb938eaed40a3
  SBTUITestTunnel: fd1c56bb3bad8f7dcbe4370e718ec397921a2137

PODFILE CHECKSUM: 779cde35d5dd99afb04d342f12090326dc19c46a

COCOAPODS: 1.5.3
