PODS:
  - Colours (5.13.0):
    - Colours/ObjC (= 5.13.0)
  - Colours/ObjC (5.13.0)
  - GCDWebServer (3.5.2):
    - GCDWebServer/Core (= 3.5.2)
  - GCDWebServer/Core (3.5.2)
  - Overture (0.5.0)
  - R.swift (5.0.3):
    - R.swift.Library (~> 5.0.0)
  - R.swift.Library (5.0.0)
  - ReSwift (4.1.1)
  - SBTUITestTunnel/Client (3.2.1)
  - SBTUITestTunnel/Server (3.2.1):
    - GCDWebServer (~> 3.0)
  - SnapshotTesting (1.4.0)

DEPENDENCIES:
  - Colours
  - GCDWebServer
  - Overture
  - R.swift
  - ReSwift
  - SBTUITestTunnel/Client
  - SBTUITestTunnel/Server
  - SnapshotTesting

SPEC REPOS:
  https://github.com/cocoapods/specs.git:
    - Colours
    - GCDWebServer
    - Overture
    - R.swift
    - R.swift.Library
    - ReSwift
    - SBTUITestTunnel
    - SnapshotTesting

SPEC CHECKSUMS:
  Colours: f24220c38f13deac88612667e9b4a7fb96b871d4
  GCDWebServer: ead88cd14596dd4eae4f5830b8877c87c8728990
  Overture: 2e6252ead5da6d3347f758047f27a31cb469d59d
  R.swift: f5a87643b91ea569d23d6afb3eee9c743edde239
  R.swift.Library: 0bf390e729bc10bb2c9e4fb78bd043164a7be4ff
  ReSwift: d925be0033558f55bd73d92869961230dfe19d52
  SBTUITestTunnel: 96a9a45b8a0b00cbf99e076888d16e26850ce6e2
  SnapshotTesting: f50ca26f5f9dd8b26e158289ea1c2a89e2e54742

PODFILE CHECKSUM: b351901432d6244f863346cffea9d6fcee1792b0

COCOAPODS: 1.6.1
