// !$*UTF8*$!
{
	archiveVersion = 1;
	classes = {
	};
	objectVersion = 46;
	objects = {

/* Begin PBXBuildFile section */
		7EAF57B028A0F8C9F6E1D4F6 /* Pods_CoJezdzi.framework in Frameworks */ = {isa = PBXBuildFile; fileRef = 231A542086605390FBD456C7 /* Pods_CoJezdzi.framework */; };
		BA5685461C763EA600D3B5FE /* AppDelegate.swift in Sources */ = {isa = PBXBuildFile; fileRef = BA5685451C763EA600D3B5FE /* AppDelegate.swift */; };
		BA56854B1C763EA600D3B5FE /* Main.storyboard in Resources */ = {isa = PBXBuildFile; fileRef = BA5685491C763EA600D3B5FE /* Main.storyboard */; };
		BA56854D1C763EA600D3B5FE /* Assets.xcassets in Resources */ = {isa = PBXBuildFile; fileRef = BA56854C1C763EA600D3B5FE /* Assets.xcassets */; };
		BA5685501C763EA600D3B5FE /* LaunchScreen.storyboard in Resources */ = {isa = PBXBuildFile; fileRef = BA56854E1C763EA600D3B5FE /* LaunchScreen.storyboard */; };
		BA5685661C763EA600D3B5FE /* CoJezdziUITests.swift in Sources */ = {isa = PBXBuildFile; fileRef = BA5685651C763EA600D3B5FE /* CoJezdziUITests.swift */; };
		EF0DC0E320B88528000BF4DB /* Persistence.swift in Sources */ = {isa = PBXBuildFile; fileRef = EF0DC0E220B88528000BF4DB /* Persistence.swift */; };
		EF0DC0E520B8A59C000BF4DB /* CustomCodableTests.swift in Sources */ = {isa = PBXBuildFile; fileRef = EF0DC0E420B8A59C000BF4DB /* CustomCodableTests.swift */; };
		EF0DC0E720B8C102000BF4DB /* THC.swift in Sources */ = {isa = PBXBuildFile; fileRef = EF0DC0E620B8C102000BF4DB /* THC.swift */; };
		EF0DC0E920B95989000BF4DB /* SettingsDidRestoreAction.swift in Sources */ = {isa = PBXBuildFile; fileRef = EF0DC0E820B95989000BF4DB /* SettingsDidRestoreAction.swift */; };
		EF4266C3209263250076238D /* AppState.swift in Sources */ = {isa = PBXBuildFile; fileRef = EF4266C2209263250076238D /* AppState.swift */; };
		EF4266C72092641C0076238D /* FetchTramsAction.swift in Sources */ = {isa = PBXBuildFile; fileRef = EF4266C62092641C0076238D /* FetchTramsAction.swift */; };
		EF4266C9209264640076238D /* FetchBussesAction.swift in Sources */ = {isa = PBXBuildFile; fileRef = EF4266C8209264640076238D /* FetchBussesAction.swift */; };
		EF4266CB209264DC0076238D /* AppReducer.swift in Sources */ = {isa = PBXBuildFile; fileRef = EF4266CA209264DC0076238D /* AppReducer.swift */; };
		EF4266CF209266560076238D /* WarsawVehicleDto.swift in Sources */ = {isa = PBXBuildFile; fileRef = EF4266CE209266560076238D /* WarsawVehicleDto.swift */; };
		EF4266D2209267DC0076238D /* VehicleType.swift in Sources */ = {isa = PBXBuildFile; fileRef = EF4266D1209267DC0076238D /* VehicleType.swift */; };
		EF4266D52092733A0076238D /* R.generated.swift in Sources */ = {isa = PBXBuildFile; fileRef = EF4266D42092733A0076238D /* R.generated.swift */; };
		EF4266ED209273C80076238D /* Constants.swift in Sources */ = {isa = PBXBuildFile; fileRef = EF4266AB209262350076238D /* Constants.swift */; };
		EF4266F1209273C80076238D /* FilterCollectionViewCell.swift in Sources */ = {isa = PBXBuildFile; fileRef = EF4266A7209262350076238D /* FilterCollectionViewCell.swift */; };
		EF4266F2209273C80076238D /* FilterLinesCVC.swift in Sources */ = {isa = PBXBuildFile; fileRef = EF4266AA209262350076238D /* FilterLinesCVC.swift */; };
		EF4266F4209273C80076238D /* MapScene.swift in Sources */ = {isa = PBXBuildFile; fileRef = EF42669A209262340076238D /* MapScene.swift */; };
		EF4266F7209273C80076238D /* SettingsVC.swift in Sources */ = {isa = PBXBuildFile; fileRef = EF4266A1209262340076238D /* SettingsVC.swift */; };
		EF4266F8209273C80076238D /* SwitchTableViewCell.swift in Sources */ = {isa = PBXBuildFile; fileRef = EF426699209262340076238D /* SwitchTableViewCell.swift */; };
		EF4266F9209273C80076238D /* TAnnotation.swift in Sources */ = {isa = PBXBuildFile; fileRef = EF4266A6209262350076238D /* TAnnotation.swift */; };
		EF4266FA209273C80076238D /* TAnnotationView.swift in Sources */ = {isa = PBXBuildFile; fileRef = EF4266A9209262350076238D /* TAnnotationView.swift */; };
		EF4266FD209273C80076238D /* URL_Extensions.swift in Sources */ = {isa = PBXBuildFile; fileRef = EF42669E209262340076238D /* URL_Extensions.swift */; };
		EF426700209273C80076238D /* WebScene.swift in Sources */ = {isa = PBXBuildFile; fileRef = EF4266A0209262340076238D /* WebScene.swift */; };
		EF4267052097543A0076238D /* VehicleState.swift in Sources */ = {isa = PBXBuildFile; fileRef = EF4267042097543A0076238D /* VehicleState.swift */; };
		EF42670920978E940076238D /* RoutingState.swift in Sources */ = {isa = PBXBuildFile; fileRef = EF42670820978E940076238D /* RoutingState.swift */; };
		EF42670B2097918A0076238D /* RoutingReducer.swift in Sources */ = {isa = PBXBuildFile; fileRef = EF42670A2097918A0076238D /* RoutingReducer.swift */; };
		EF4267112097B9290076238D /* WarsawApiConstants.swift in Sources */ = {isa = PBXBuildFile; fileRef = EF4267102097B9290076238D /* WarsawApiConstants.swift */; };
		EF4267132097B9760076238D /* WarsawApi.swift in Sources */ = {isa = PBXBuildFile; fileRef = EF4267122097B9760076238D /* WarsawApi.swift */; };
		EF4267152097BD030076238D /* C.Networking.swift in Sources */ = {isa = PBXBuildFile; fileRef = EF4267142097BD030076238D /* C.Networking.swift */; };
		EF4267172097BF3F0076238D /* WarsawApiConstantsDoNotTrack.swift in Sources */ = {isa = PBXBuildFile; fileRef = EF4267162097BF3F0076238D /* WarsawApiConstantsDoNotTrack.swift */; };
		EF4267192097C2090076238D /* RoutingActions.swift in Sources */ = {isa = PBXBuildFile; fileRef = EF4267182097C2090076238D /* RoutingActions.swift */; };
		EF42671B2097CB1D0076238D /* Result.swift in Sources */ = {isa = PBXBuildFile; fileRef = EF42671A2097CB1D0076238D /* Result.swift */; };
		EF47764E20A8DA4E006D7107 /* GamePlayAppRouter.swift in Sources */ = {isa = PBXBuildFile; fileRef = EF47764D20A8DA4E006D7107 /* GamePlayAppRouter.swift */; };
		EF611503209E53BB00E05E02 /* SettingsSwitchAction.swift in Sources */ = {isa = PBXBuildFile; fileRef = EF611502209E53BB00E05E02 /* SettingsSwitchAction.swift */; };
		EF61150820A4BE1200E05E02 /* SelectedLinesState.swift in Sources */ = {isa = PBXBuildFile; fileRef = EF61150720A4BE1200E05E02 /* SelectedLinesState.swift */; };
		EF61150C20A4C05500E05E02 /* SelectedLineAddAction.swift in Sources */ = {isa = PBXBuildFile; fileRef = EF61150B20A4C05500E05E02 /* SelectedLineAddAction.swift */; };
		EF61150E20A4C08C00E05E02 /* SelectedLineRemoveAction.swift in Sources */ = {isa = PBXBuildFile; fileRef = EF61150D20A4C08C00E05E02 /* SelectedLineRemoveAction.swift */; };
		EF61151020A4DB3C00E05E02 /* SelectedLineRemoveAllAction.swift in Sources */ = {isa = PBXBuildFile; fileRef = EF61150F20A4DB3C00E05E02 /* SelectedLineRemoveAllAction.swift */; };
		EF61151220A6380D00E05E02 /* GlobalUtilFunctions.swift in Sources */ = {isa = PBXBuildFile; fileRef = EF61151120A6380D00E05E02 /* GlobalUtilFunctions.swift */; };
		EF61151420A645A800E05E02 /* TDataAnnotation.swift in Sources */ = {isa = PBXBuildFile; fileRef = EF4266A8209262350076238D /* TDataAnnotation.swift */; };
		EF61151720A7083400E05E02 /* AppMiddleware.swift in Sources */ = {isa = PBXBuildFile; fileRef = EF61151620A7083400E05E02 /* AppMiddleware.swift */; };
		EFB5C2A3209A35B500BB5855 /* WarsawApiResultDto.swift in Sources */ = {isa = PBXBuildFile; fileRef = EFB5C2A2209A35B500BB5855 /* WarsawApiResultDto.swift */; };
		EFB5C2A6209C712E00BB5855 /* PolylineMaker.swift in Sources */ = {isa = PBXBuildFile; fileRef = EFB5C2A5209C712E00BB5855 /* PolylineMaker.swift */; };
		EFB5C2A8209CE04C00BB5855 /* SettingsState.swift in Sources */ = {isa = PBXBuildFile; fileRef = EFB5C2A7209CE04C00BB5855 /* SettingsState.swift */; };
		EFB5C2AA209CE14C00BB5855 /* SettingsReducer.swift in Sources */ = {isa = PBXBuildFile; fileRef = EFB5C2A9209CE14C00BB5855 /* SettingsReducer.swift */; };
		EFD085A420AB4EBD00DE3F55 /* Nodes.swift in Sources */ = {isa = PBXBuildFile; fileRef = EFD085A320AB4EBD00DE3F55 /* Nodes.swift */; };
		EFD085A620AB68DE00DE3F55 /* Routable.swift in Sources */ = {isa = PBXBuildFile; fileRef = EFD085A520AB68DE00DE3F55 /* Routable.swift */; };
		EFEE78FC2097D21800F95E77 /* MapScene+CLLocationManagerDelegate.swift in Sources */ = {isa = PBXBuildFile; fileRef = EFEE78FB2097D21800F95E77 /* MapScene+CLLocationManagerDelegate.swift */; };
		EFEE78FE2097D28200F95E77 /* MapScene+MKMapViewDelegate.swift in Sources */ = {isa = PBXBuildFile; fileRef = EFEE78FD2097D28200F95E77 /* MapScene+MKMapViewDelegate.swift */; };
		EFEE79002097D40D00F95E77 /* MapState.swift in Sources */ = {isa = PBXBuildFile; fileRef = EFEE78FF2097D40D00F95E77 /* MapState.swift */; };
		EFEE79022097D46800F95E77 /* MapSceneReducer.swift in Sources */ = {isa = PBXBuildFile; fileRef = EFEE79012097D46800F95E77 /* MapSceneReducer.swift */; };
/* End PBXBuildFile section */

/* Begin PBXContainerItemProxy section */
		BA5685571C763EA600D3B5FE /* PBXContainerItemProxy */ = {
			isa = PBXContainerItemProxy;
			containerPortal = BA56853A1C763EA600D3B5FE /* Project object */;
			proxyType = 1;
			remoteGlobalIDString = BA5685411C763EA600D3B5FE;
			remoteInfo = CoJezdzi;
		};
		BA5685621C763EA600D3B5FE /* PBXContainerItemProxy */ = {
			isa = PBXContainerItemProxy;
			containerPortal = BA56853A1C763EA600D3B5FE /* Project object */;
			proxyType = 1;
			remoteGlobalIDString = BA5685411C763EA600D3B5FE;
			remoteInfo = CoJezdzi;
		};
/* End PBXContainerItemProxy section */

/* Begin PBXFileReference section */
		1A27662A69C252904D23A433 /* Pods_CoJezdziUITests.framework */ = {isa = PBXFileReference; explicitFileType = wrapper.framework; includeInIndex = 0; path = Pods_CoJezdziUITests.framework; sourceTree = BUILT_PRODUCTS_DIR; };
		231A542086605390FBD456C7 /* Pods_CoJezdzi.framework */ = {isa = PBXFileReference; explicitFileType = wrapper.framework; includeInIndex = 0; path = Pods_CoJezdzi.framework; sourceTree = BUILT_PRODUCTS_DIR; };
		2F7C59AC0D760AAD5A1347B4 /* Pods-CoJezdzi.debug.xcconfig */ = {isa = PBXFileReference; includeInIndex = 1; lastKnownFileType = text.xcconfig; name = "Pods-CoJezdzi.debug.xcconfig"; path = "Pods/Target Support Files/Pods-CoJezdzi/Pods-CoJezdzi.debug.xcconfig"; sourceTree = "<group>"; };
		678B1693528683BABBC3CBB9 /* Pods_CoJezdziTests.framework */ = {isa = PBXFileReference; explicitFileType = wrapper.framework; includeInIndex = 0; path = Pods_CoJezdziTests.framework; sourceTree = BUILT_PRODUCTS_DIR; };
		BA5685421C763EA600D3B5FE /* CoJezdzi.app */ = {isa = PBXFileReference; explicitFileType = wrapper.application; includeInIndex = 0; path = CoJezdzi.app; sourceTree = BUILT_PRODUCTS_DIR; };
		BA5685451C763EA600D3B5FE /* AppDelegate.swift */ = {isa = PBXFileReference; lastKnownFileType = sourcecode.swift; path = AppDelegate.swift; sourceTree = "<group>"; };
		BA56854A1C763EA600D3B5FE /* Base */ = {isa = PBXFileReference; lastKnownFileType = file.storyboard; name = Base; path = Base.lproj/Main.storyboard; sourceTree = "<group>"; };
		BA56854C1C763EA600D3B5FE /* Assets.xcassets */ = {isa = PBXFileReference; lastKnownFileType = folder.assetcatalog; path = Assets.xcassets; sourceTree = "<group>"; };
		BA56854F1C763EA600D3B5FE /* Base */ = {isa = PBXFileReference; lastKnownFileType = file.storyboard; name = Base; path = Base.lproj/LaunchScreen.storyboard; sourceTree = "<group>"; };
		BA5685511C763EA600D3B5FE /* Info.plist */ = {isa = PBXFileReference; lastKnownFileType = text.plist.xml; path = Info.plist; sourceTree = "<group>"; };
		BA5685561C763EA600D3B5FE /* CoJezdziTests.xctest */ = {isa = PBXFileReference; explicitFileType = wrapper.cfbundle; includeInIndex = 0; path = CoJezdziTests.xctest; sourceTree = BUILT_PRODUCTS_DIR; };
		BA56855C1C763EA600D3B5FE /* Info.plist */ = {isa = PBXFileReference; lastKnownFileType = text.plist.xml; path = Info.plist; sourceTree = "<group>"; };
		BA5685611C763EA600D3B5FE /* CoJezdziUITests.xctest */ = {isa = PBXFileReference; explicitFileType = wrapper.cfbundle; includeInIndex = 0; path = CoJezdziUITests.xctest; sourceTree = BUILT_PRODUCTS_DIR; };
		BA5685651C763EA600D3B5FE /* CoJezdziUITests.swift */ = {isa = PBXFileReference; lastKnownFileType = sourcecode.swift; path = CoJezdziUITests.swift; sourceTree = "<group>"; };
		BA5685671C763EA600D3B5FE /* Info.plist */ = {isa = PBXFileReference; lastKnownFileType = text.plist.xml; path = Info.plist; sourceTree = "<group>"; };
		BABDD4BA1C78CDD500152EBD /* iAd.framework */ = {isa = PBXFileReference; lastKnownFileType = wrapper.framework; name = iAd.framework; path = System/Library/Frameworks/iAd.framework; sourceTree = SDKROOT; };
		EF0DC0E220B88528000BF4DB /* Persistence.swift */ = {isa = PBXFileReference; lastKnownFileType = sourcecode.swift; path = Persistence.swift; sourceTree = "<group>"; };
		EF0DC0E420B8A59C000BF4DB /* CustomCodableTests.swift */ = {isa = PBXFileReference; lastKnownFileType = sourcecode.swift; path = CustomCodableTests.swift; sourceTree = "<group>"; };
		EF0DC0E620B8C102000BF4DB /* THC.swift */ = {isa = PBXFileReference; lastKnownFileType = sourcecode.swift; path = THC.swift; sourceTree = "<group>"; };
		EF0DC0E820B95989000BF4DB /* SettingsDidRestoreAction.swift */ = {isa = PBXFileReference; lastKnownFileType = sourcecode.swift; path = SettingsDidRestoreAction.swift; sourceTree = "<group>"; };
		EF426699209262340076238D /* SwitchTableViewCell.swift */ = {isa = PBXFileReference; fileEncoding = 4; lastKnownFileType = sourcecode.swift; path = SwitchTableViewCell.swift; sourceTree = "<group>"; };
		EF42669A209262340076238D /* MapScene.swift */ = {isa = PBXFileReference; fileEncoding = 4; lastKnownFileType = sourcecode.swift; path = MapScene.swift; sourceTree = "<group>"; };
		EF42669E209262340076238D /* URL_Extensions.swift */ = {isa = PBXFileReference; fileEncoding = 4; lastKnownFileType = sourcecode.swift; path = URL_Extensions.swift; sourceTree = "<group>"; };
		EF4266A0209262340076238D /* WebScene.swift */ = {isa = PBXFileReference; fileEncoding = 4; lastKnownFileType = sourcecode.swift; path = WebScene.swift; sourceTree = "<group>"; };
		EF4266A1209262340076238D /* SettingsVC.swift */ = {isa = PBXFileReference; fileEncoding = 4; lastKnownFileType = sourcecode.swift; path = SettingsVC.swift; sourceTree = "<group>"; };
		EF4266A6209262350076238D /* TAnnotation.swift */ = {isa = PBXFileReference; fileEncoding = 4; lastKnownFileType = sourcecode.swift; path = TAnnotation.swift; sourceTree = "<group>"; };
		EF4266A7209262350076238D /* FilterCollectionViewCell.swift */ = {isa = PBXFileReference; fileEncoding = 4; lastKnownFileType = sourcecode.swift; path = FilterCollectionViewCell.swift; sourceTree = "<group>"; };
		EF4266A8209262350076238D /* TDataAnnotation.swift */ = {isa = PBXFileReference; fileEncoding = 4; lastKnownFileType = sourcecode.swift; path = TDataAnnotation.swift; sourceTree = "<group>"; };
		EF4266A9209262350076238D /* TAnnotationView.swift */ = {isa = PBXFileReference; fileEncoding = 4; lastKnownFileType = sourcecode.swift; path = TAnnotationView.swift; sourceTree = "<group>"; };
		EF4266AA209262350076238D /* FilterLinesCVC.swift */ = {isa = PBXFileReference; fileEncoding = 4; lastKnownFileType = sourcecode.swift; path = FilterLinesCVC.swift; sourceTree = "<group>"; };
		EF4266AB209262350076238D /* Constants.swift */ = {isa = PBXFileReference; fileEncoding = 4; lastKnownFileType = sourcecode.swift; path = Constants.swift; sourceTree = "<group>"; };
		EF4266C2209263250076238D /* AppState.swift */ = {isa = PBXFileReference; lastKnownFileType = sourcecode.swift; path = AppState.swift; sourceTree = "<group>"; };
		EF4266C62092641C0076238D /* FetchTramsAction.swift */ = {isa = PBXFileReference; lastKnownFileType = sourcecode.swift; path = FetchTramsAction.swift; sourceTree = "<group>"; };
		EF4266C8209264640076238D /* FetchBussesAction.swift */ = {isa = PBXFileReference; lastKnownFileType = sourcecode.swift; path = FetchBussesAction.swift; sourceTree = "<group>"; };
		EF4266CA209264DC0076238D /* AppReducer.swift */ = {isa = PBXFileReference; lastKnownFileType = sourcecode.swift; path = AppReducer.swift; sourceTree = "<group>"; };
		EF4266CE209266560076238D /* WarsawVehicleDto.swift */ = {isa = PBXFileReference; lastKnownFileType = sourcecode.swift; path = WarsawVehicleDto.swift; sourceTree = "<group>"; };
		EF4266D1209267DC0076238D /* VehicleType.swift */ = {isa = PBXFileReference; lastKnownFileType = sourcecode.swift; path = VehicleType.swift; sourceTree = "<group>"; };
		EF4266D42092733A0076238D /* R.generated.swift */ = {isa = PBXFileReference; fileEncoding = 4; lastKnownFileType = sourcecode.swift; name = R.generated.swift; path = CoJezdzi/_Misc/R.generated.swift; sourceTree = SOURCE_ROOT; };
		EF4267042097543A0076238D /* VehicleState.swift */ = {isa = PBXFileReference; lastKnownFileType = sourcecode.swift; path = VehicleState.swift; sourceTree = "<group>"; };
		EF42670820978E940076238D /* RoutingState.swift */ = {isa = PBXFileReference; lastKnownFileType = sourcecode.swift; path = RoutingState.swift; sourceTree = "<group>"; };
		EF42670A2097918A0076238D /* RoutingReducer.swift */ = {isa = PBXFileReference; lastKnownFileType = sourcecode.swift; path = RoutingReducer.swift; sourceTree = "<group>"; };
		EF4267102097B9290076238D /* WarsawApiConstants.swift */ = {isa = PBXFileReference; lastKnownFileType = sourcecode.swift; path = WarsawApiConstants.swift; sourceTree = "<group>"; };
		EF4267122097B9760076238D /* WarsawApi.swift */ = {isa = PBXFileReference; lastKnownFileType = sourcecode.swift; path = WarsawApi.swift; sourceTree = "<group>"; };
		EF4267142097BD030076238D /* C.Networking.swift */ = {isa = PBXFileReference; lastKnownFileType = sourcecode.swift; path = C.Networking.swift; sourceTree = "<group>"; };
		EF4267162097BF3F0076238D /* WarsawApiConstantsDoNotTrack.swift */ = {isa = PBXFileReference; lastKnownFileType = sourcecode.swift; path = WarsawApiConstantsDoNotTrack.swift; sourceTree = "<group>"; };
		EF4267182097C2090076238D /* RoutingActions.swift */ = {isa = PBXFileReference; lastKnownFileType = sourcecode.swift; path = RoutingActions.swift; sourceTree = "<group>"; };
		EF42671A2097CB1D0076238D /* Result.swift */ = {isa = PBXFileReference; lastKnownFileType = sourcecode.swift; path = Result.swift; sourceTree = "<group>"; };
		EF47764D20A8DA4E006D7107 /* GamePlayAppRouter.swift */ = {isa = PBXFileReference; lastKnownFileType = sourcecode.swift; path = GamePlayAppRouter.swift; sourceTree = "<group>"; };
		EF611502209E53BB00E05E02 /* SettingsSwitchAction.swift */ = {isa = PBXFileReference; lastKnownFileType = sourcecode.swift; path = SettingsSwitchAction.swift; sourceTree = "<group>"; };
		EF61150720A4BE1200E05E02 /* SelectedLinesState.swift */ = {isa = PBXFileReference; lastKnownFileType = sourcecode.swift; path = SelectedLinesState.swift; sourceTree = "<group>"; };
		EF61150B20A4C05500E05E02 /* SelectedLineAddAction.swift */ = {isa = PBXFileReference; lastKnownFileType = sourcecode.swift; path = SelectedLineAddAction.swift; sourceTree = "<group>"; };
		EF61150D20A4C08C00E05E02 /* SelectedLineRemoveAction.swift */ = {isa = PBXFileReference; lastKnownFileType = sourcecode.swift; path = SelectedLineRemoveAction.swift; sourceTree = "<group>"; };
		EF61150F20A4DB3C00E05E02 /* SelectedLineRemoveAllAction.swift */ = {isa = PBXFileReference; lastKnownFileType = sourcecode.swift; path = SelectedLineRemoveAllAction.swift; sourceTree = "<group>"; };
		EF61151120A6380D00E05E02 /* GlobalUtilFunctions.swift */ = {isa = PBXFileReference; lastKnownFileType = sourcecode.swift; path = GlobalUtilFunctions.swift; sourceTree = "<group>"; };
		EF61151620A7083400E05E02 /* AppMiddleware.swift */ = {isa = PBXFileReference; lastKnownFileType = sourcecode.swift; path = AppMiddleware.swift; sourceTree = "<group>"; };
		EF7657361EAB393B007C4E3D /* CoJezdziTests copy-Info.plist */ = {isa = PBXFileReference; lastKnownFileType = text.plist.xml; name = "CoJezdziTests copy-Info.plist"; path = "/Users/sloik/Dropbox/DeveloperAppStore/CoJezdzi/SourceCode/CoJezdzi/CoJezdziTests copy-Info.plist"; sourceTree = "<absolute>"; };
		EF7657411EAB3AED007C4E3D /* CoJezdziTests copy2-Info.plist */ = {isa = PBXFileReference; lastKnownFileType = text.plist.xml; name = "CoJezdziTests copy2-Info.plist"; path = "/Users/sloik/Dropbox/DeveloperAppStore/CoJezdzi/SourceCode/CoJezdzi/CoJezdziTests copy2-Info.plist"; sourceTree = "<absolute>"; };
		EFB5C2A2209A35B500BB5855 /* WarsawApiResultDto.swift */ = {isa = PBXFileReference; lastKnownFileType = sourcecode.swift; path = WarsawApiResultDto.swift; sourceTree = "<group>"; };
		EFB5C2A5209C712E00BB5855 /* PolylineMaker.swift */ = {isa = PBXFileReference; lastKnownFileType = sourcecode.swift; path = PolylineMaker.swift; sourceTree = "<group>"; };
		EFB5C2A7209CE04C00BB5855 /* SettingsState.swift */ = {isa = PBXFileReference; lastKnownFileType = sourcecode.swift; path = SettingsState.swift; sourceTree = "<group>"; };
		EFB5C2A9209CE14C00BB5855 /* SettingsReducer.swift */ = {isa = PBXFileReference; lastKnownFileType = sourcecode.swift; path = SettingsReducer.swift; sourceTree = "<group>"; };
		EFD085A320AB4EBD00DE3F55 /* Nodes.swift */ = {isa = PBXFileReference; lastKnownFileType = sourcecode.swift; path = Nodes.swift; sourceTree = "<group>"; };
		EFD085A520AB68DE00DE3F55 /* Routable.swift */ = {isa = PBXFileReference; lastKnownFileType = sourcecode.swift; path = Routable.swift; sourceTree = "<group>"; };
		EFEE78FB2097D21800F95E77 /* MapScene+CLLocationManagerDelegate.swift */ = {isa = PBXFileReference; lastKnownFileType = sourcecode.swift; path = "MapScene+CLLocationManagerDelegate.swift"; sourceTree = "<group>"; };
		EFEE78FD2097D28200F95E77 /* MapScene+MKMapViewDelegate.swift */ = {isa = PBXFileReference; lastKnownFileType = sourcecode.swift; path = "MapScene+MKMapViewDelegate.swift"; sourceTree = "<group>"; };
		EFEE78FF2097D40D00F95E77 /* MapState.swift */ = {isa = PBXFileReference; lastKnownFileType = sourcecode.swift; path = MapState.swift; sourceTree = "<group>"; };
		EFEE79012097D46800F95E77 /* MapSceneReducer.swift */ = {isa = PBXFileReference; lastKnownFileType = sourcecode.swift; path = MapSceneReducer.swift; sourceTree = "<group>"; };
		F0BFC42A0906562B0FEAA840 /* Pods-CoJezdzi.release.xcconfig */ = {isa = PBXFileReference; includeInIndex = 1; lastKnownFileType = text.xcconfig; name = "Pods-CoJezdzi.release.xcconfig"; path = "Pods/Target Support Files/Pods-CoJezdzi/Pods-CoJezdzi.release.xcconfig"; sourceTree = "<group>"; };
/* End PBXFileReference section */

/* Begin PBXFrameworksBuildPhase section */
		BA56853F1C763EA600D3B5FE /* Frameworks */ = {
			isa = PBXFrameworksBuildPhase;
			buildActionMask = 2147483647;
			files = (
				7EAF57B028A0F8C9F6E1D4F6 /* Pods_CoJezdzi.framework in Frameworks */,
			);
			runOnlyForDeploymentPostprocessing = 0;
		};
		BA5685531C763EA600D3B5FE /* Frameworks */ = {
			isa = PBXFrameworksBuildPhase;
			buildActionMask = 2147483647;
			files = (
			);
			runOnlyForDeploymentPostprocessing = 0;
		};
		BA56855E1C763EA600D3B5FE /* Frameworks */ = {
			isa = PBXFrameworksBuildPhase;
			buildActionMask = 2147483647;
			files = (
			);
			runOnlyForDeploymentPostprocessing = 0;
		};
/* End PBXFrameworksBuildPhase section */

/* Begin PBXGroup section */
		5976FDC1E010EB3E0CB35DE9 /* Pods */ = {
			isa = PBXGroup;
			children = (
				2F7C59AC0D760AAD5A1347B4 /* Pods-CoJezdzi.debug.xcconfig */,
				F0BFC42A0906562B0FEAA840 /* Pods-CoJezdzi.release.xcconfig */,
			);
			name = Pods;
			sourceTree = "<group>";
		};
		AC3AEBA914994ED7A3CBA955 /* Frameworks */ = {
			isa = PBXGroup;
			children = (
				BABDD4BA1C78CDD500152EBD /* iAd.framework */,
				231A542086605390FBD456C7 /* Pods_CoJezdzi.framework */,
				678B1693528683BABBC3CBB9 /* Pods_CoJezdziTests.framework */,
				1A27662A69C252904D23A433 /* Pods_CoJezdziUITests.framework */,
			);
			name = Frameworks;
			sourceTree = "<group>";
		};
		BA5685391C763EA600D3B5FE = {
			isa = PBXGroup;
			children = (
				BA5685441C763EA600D3B5FE /* CoJezdzi */,
				BA5685591C763EA600D3B5FE /* CoJezdziTests */,
				BA5685641C763EA600D3B5FE /* CoJezdziUITests */,
				BA5685431C763EA600D3B5FE /* Products */,
				AC3AEBA914994ED7A3CBA955 /* Frameworks */,
				5976FDC1E010EB3E0CB35DE9 /* Pods */,
				EF7657361EAB393B007C4E3D /* CoJezdziTests copy-Info.plist */,
				EF7657411EAB3AED007C4E3D /* CoJezdziTests copy2-Info.plist */,
			);
			sourceTree = "<group>";
		};
		BA5685431C763EA600D3B5FE /* Products */ = {
			isa = PBXGroup;
			children = (
				BA5685421C763EA600D3B5FE /* CoJezdzi.app */,
				BA5685561C763EA600D3B5FE /* CoJezdziTests.xctest */,
				BA5685611C763EA600D3B5FE /* CoJezdziUITests.xctest */,
			);
			name = Products;
			sourceTree = "<group>";
		};
		BA5685441C763EA600D3B5FE /* CoJezdzi */ = {
			isa = PBXGroup;
			children = (
				EF47764F20A8DA57006D7107 /* _App */,
				EFB5C2A4209C710200BB5855 /* _Misc */,
				EF42670F2097B9020076238D /* _Networking */,
				EF4266CC209265870076238D /* _Redux */,
				EF42670E2097A16A0076238D /* _Scenes */,
				BA56854C1C763EA600D3B5FE /* Assets.xcassets */,
				BA5685511C763EA600D3B5FE /* Info.plist */,
				BA56854E1C763EA600D3B5FE /* LaunchScreen.storyboard */,
				BA5685491C763EA600D3B5FE /* Main.storyboard */,
			);
			path = CoJezdzi;
			sourceTree = "<group>";
		};
		BA5685591C763EA600D3B5FE /* CoJezdziTests */ = {
			isa = PBXGroup;
			children = (
				EF0DC0E420B8A59C000BF4DB /* CustomCodableTests.swift */,
				BA56855C1C763EA600D3B5FE /* Info.plist */,
				EF0DC0E620B8C102000BF4DB /* THC.swift */,
			);
			path = CoJezdziTests;
			sourceTree = "<group>";
		};
		BA5685641C763EA600D3B5FE /* CoJezdziUITests */ = {
			isa = PBXGroup;
			children = (
				BA5685651C763EA600D3B5FE /* CoJezdziUITests.swift */,
				BA5685671C763EA600D3B5FE /* Info.plist */,
			);
			path = CoJezdziUITests;
			sourceTree = "<group>";
		};
		EF0DC0E120B884EC000BF4DB /* _Persistence */ = {
			isa = PBXGroup;
			children = (
				EF0DC0E220B88528000BF4DB /* Persistence.swift */,
			);
			path = _Persistence;
			sourceTree = "<group>";
		};
		EF4266C1209262FC0076238D /* _State */ = {
			isa = PBXGroup;
			children = (
				EF4266C2209263250076238D /* AppState.swift */,
				EFEE78FF2097D40D00F95E77 /* MapState.swift */,
				EF42670820978E940076238D /* RoutingState.swift */,
				EF61150720A4BE1200E05E02 /* SelectedLinesState.swift */,
				EFB5C2A7209CE04C00BB5855 /* SettingsState.swift */,
				EF4267042097543A0076238D /* VehicleState.swift */,
			);
			path = _State;
			sourceTree = "<group>";
		};
		EF4266C4209263550076238D /* _Actions */ = {
			isa = PBXGroup;
			children = (
				EF611504209EE60C00E05E02 /* _Map */,
				EF611501209E537300E05E02 /* _Settings */,
				EF4267182097C2090076238D /* RoutingActions.swift */,
			);
			path = _Actions;
			sourceTree = "<group>";
		};
		EF4266C52092638D0076238D /* _Reducers */ = {
			isa = PBXGroup;
			children = (
				EF4266CA209264DC0076238D /* AppReducer.swift */,
				EFEE79012097D46800F95E77 /* MapSceneReducer.swift */,
				EF42670A2097918A0076238D /* RoutingReducer.swift */,
				EFB5C2A9209CE14C00BB5855 /* SettingsReducer.swift */,
			);
			path = _Reducers;
			sourceTree = "<group>";
		};
		EF4266CC209265870076238D /* _Redux */ = {
			isa = PBXGroup;
			children = (
				EF4266C4209263550076238D /* _Actions */,
				EF61151520A7079E00E05E02 /* _Middleware */,
				EF4266C52092638D0076238D /* _Reducers */,
				EF4266C1209262FC0076238D /* _State */,
			);
			path = _Redux;
			sourceTree = "<group>";
		};
		EF4266CD209265AB0076238D /* _DTOs */ = {
			isa = PBXGroup;
			children = (
				EF4266D1209267DC0076238D /* VehicleType.swift */,
				EFB5C2A2209A35B500BB5855 /* WarsawApiResultDto.swift */,
				EF4266CE209266560076238D /* WarsawVehicleDto.swift */,
			);
			path = _DTOs;
			sourceTree = "<group>";
		};
		EF42670E2097A16A0076238D /* _Scenes */ = {
			isa = PBXGroup;
			children = (
				EF61151320A6444C00E05E02 /* _AboutApp */,
				EF61150620A4BD9E00E05E02 /* _LinesFilter */,
				EFC25B69209E4260002897A0 /* _Map */,
				EFC25B6A209E4270002897A0 /* _Settings */,
			);
			path = _Scenes;
			sourceTree = "<group>";
		};
		EF42670F2097B9020076238D /* _Networking */ = {
			isa = PBXGroup;
			children = (
				EF4266CD209265AB0076238D /* _DTOs */,
				EF4267142097BD030076238D /* C.Networking.swift */,
				EF42671A2097CB1D0076238D /* Result.swift */,
				EF42669E209262340076238D /* URL_Extensions.swift */,
				EF4267122097B9760076238D /* WarsawApi.swift */,
				EF4267102097B9290076238D /* WarsawApiConstants.swift */,
				EF4267162097BF3F0076238D /* WarsawApiConstantsDoNotTrack.swift */,
			);
			path = _Networking;
			sourceTree = "<group>";
		};
		EF47764F20A8DA57006D7107 /* _App */ = {
			isa = PBXGroup;
			children = (
				EF0DC0E120B884EC000BF4DB /* _Persistence */,
				EFD085A220AB4EA400DE3F55 /* _Routing */,
				BA5685451C763EA600D3B5FE /* AppDelegate.swift */,
			);
			path = _App;
			sourceTree = "<group>";
		};
		EF611501209E537300E05E02 /* _Settings */ = {
			isa = PBXGroup;
			children = (
				EF61150B20A4C05500E05E02 /* SelectedLineAddAction.swift */,
				EF61150D20A4C08C00E05E02 /* SelectedLineRemoveAction.swift */,
				EF61150F20A4DB3C00E05E02 /* SelectedLineRemoveAllAction.swift */,
				EF0DC0E820B95989000BF4DB /* SettingsDidRestoreAction.swift */,
				EF611502209E53BB00E05E02 /* SettingsSwitchAction.swift */,
			);
			path = _Settings;
			sourceTree = "<group>";
		};
		EF611504209EE60C00E05E02 /* _Map */ = {
			isa = PBXGroup;
			children = (
				EF4266C8209264640076238D /* FetchBussesAction.swift */,
				EF4266C62092641C0076238D /* FetchTramsAction.swift */,
			);
			path = _Map;
			sourceTree = "<group>";
		};
		EF61150620A4BD9E00E05E02 /* _LinesFilter */ = {
			isa = PBXGroup;
			children = (
				EF4266A7209262350076238D /* FilterCollectionViewCell.swift */,
				EF4266AA209262350076238D /* FilterLinesCVC.swift */,
			);
			path = _LinesFilter;
			sourceTree = "<group>";
		};
		EF61151320A6444C00E05E02 /* _AboutApp */ = {
			isa = PBXGroup;
			children = (
				EF4266A0209262340076238D /* WebScene.swift */,
			);
			path = _AboutApp;
			sourceTree = "<group>";
		};
		EF61151520A7079E00E05E02 /* _Middleware */ = {
			isa = PBXGroup;
			children = (
				EF61151620A7083400E05E02 /* AppMiddleware.swift */,
			);
			path = _Middleware;
			sourceTree = "<group>";
		};
		EFB5C2A4209C710200BB5855 /* _Misc */ = {
			isa = PBXGroup;
			children = (
				EF4266AB209262350076238D /* Constants.swift */,
				EF61151120A6380D00E05E02 /* GlobalUtilFunctions.swift */,
				EFB5C2A5209C712E00BB5855 /* PolylineMaker.swift */,
				EF4266D42092733A0076238D /* R.generated.swift */,
				EF4266A6209262350076238D /* TAnnotation.swift */,
				EF4266A9209262350076238D /* TAnnotationView.swift */,
				EF4266A8209262350076238D /* TDataAnnotation.swift */,
			);
			path = _Misc;
			sourceTree = "<group>";
		};
		EFC25B69209E4260002897A0 /* _Map */ = {
			isa = PBXGroup;
			children = (
				EF42669A209262340076238D /* MapScene.swift */,
				EFEE78FB2097D21800F95E77 /* MapScene+CLLocationManagerDelegate.swift */,
				EFEE78FD2097D28200F95E77 /* MapScene+MKMapViewDelegate.swift */,
			);
			path = _Map;
			sourceTree = "<group>";
		};
		EFC25B6A209E4270002897A0 /* _Settings */ = {
			isa = PBXGroup;
			children = (
				EF4266A1209262340076238D /* SettingsVC.swift */,
				EF426699209262340076238D /* SwitchTableViewCell.swift */,
			);
			path = _Settings;
			sourceTree = "<group>";
		};
		EFD085A220AB4EA400DE3F55 /* _Routing */ = {
			isa = PBXGroup;
			children = (
				EF47764D20A8DA4E006D7107 /* GamePlayAppRouter.swift */,
				EFD085A320AB4EBD00DE3F55 /* Nodes.swift */,
				EFD085A520AB68DE00DE3F55 /* Routable.swift */,
			);
			path = _Routing;
			sourceTree = "<group>";
		};
/* End PBXGroup section */

/* Begin PBXNativeTarget section */
		BA5685411C763EA600D3B5FE /* CoJezdzi */ = {
			isa = PBXNativeTarget;
			buildConfigurationList = BA56856A1C763EA600D3B5FE /* Build configuration list for PBXNativeTarget "CoJezdzi" */;
			buildPhases = (
				6A16703F009F8ADF718EF658 /* [CP] Check Pods Manifest.lock */,
				EF426701209275410076238D /* Rswift */,
				BA56853E1C763EA600D3B5FE /* Sources */,
				BA56853F1C763EA600D3B5FE /* Frameworks */,
				BA5685401C763EA600D3B5FE /* Resources */,
				BA724EEC1CB62CB300ACC84E /* Bup Build Number */,
				6860C709354CD82E0145D889 /* [CP] Embed Pods Frameworks */,
				7331AC2194BFF9BDCCD8C685 /* [CP] Copy Pods Resources */,
			);
			buildRules = (
			);
			dependencies = (
			);
			name = CoJezdzi;
			productName = CoJezdzi;
			productReference = BA5685421C763EA600D3B5FE /* CoJezdzi.app */;
			productType = "com.apple.product-type.application";
		};
		BA5685551C763EA600D3B5FE /* CoJezdziTests */ = {
			isa = PBXNativeTarget;
			buildConfigurationList = BA56856D1C763EA600D3B5FE /* Build configuration list for PBXNativeTarget "CoJezdziTests" */;
			buildPhases = (
				BA5685521C763EA600D3B5FE /* Sources */,
				BA5685531C763EA600D3B5FE /* Frameworks */,
				BA5685541C763EA600D3B5FE /* Resources */,
			);
			buildRules = (
			);
			dependencies = (
				BA5685581C763EA600D3B5FE /* PBXTargetDependency */,
			);
			name = CoJezdziTests;
			productName = CoJezdziTests;
			productReference = BA5685561C763EA600D3B5FE /* CoJezdziTests.xctest */;
			productType = "com.apple.product-type.bundle.unit-test";
		};
		BA5685601C763EA600D3B5FE /* CoJezdziUITests */ = {
			isa = PBXNativeTarget;
			buildConfigurationList = BA5685701C763EA600D3B5FE /* Build configuration list for PBXNativeTarget "CoJezdziUITests" */;
			buildPhases = (
				BA56855D1C763EA600D3B5FE /* Sources */,
				BA56855E1C763EA600D3B5FE /* Frameworks */,
				BA56855F1C763EA600D3B5FE /* Resources */,
			);
			buildRules = (
			);
			dependencies = (
				BA5685631C763EA600D3B5FE /* PBXTargetDependency */,
			);
			name = CoJezdziUITests;
			productName = CoJezdziUITests;
			productReference = BA5685611C763EA600D3B5FE /* CoJezdziUITests.xctest */;
			productType = "com.apple.product-type.bundle.ui-testing";
		};
/* End PBXNativeTarget section */

/* Begin PBXProject section */
		BA56853A1C763EA600D3B5FE /* Project object */ = {
			isa = PBXProject;
			attributes = {
				LastSwiftUpdateCheck = 0720;
				LastUpgradeCheck = 0930;
				ORGANIZATIONNAME = A.C.M.E.;
				TargetAttributes = {
					BA5685411C763EA600D3B5FE = {
						CreatedOnToolsVersion = 7.2;
						DevelopmentTeam = Q79FTA4VEX;
						LastSwiftMigration = 0900;
						ProvisioningStyle = Automatic;
						SystemCapabilities = {
							com.apple.InAppPurchase = {
								enabled = 0;
							};
							com.apple.Maps.iOS = {
								enabled = 1;
							};
						};
					};
					BA5685551C763EA600D3B5FE = {
						CreatedOnToolsVersion = 7.2;
						LastSwiftMigration = 0930;
						TestTargetID = BA5685411C763EA600D3B5FE;
					};
					BA5685601C763EA600D3B5FE = {
						CreatedOnToolsVersion = 7.2;
						LastSwiftMigration = 0900;
						TestTargetID = BA5685411C763EA600D3B5FE;
					};
				};
			};
			buildConfigurationList = BA56853D1C763EA600D3B5FE /* Build configuration list for PBXProject "CoJezdzi" */;
			compatibilityVersion = "Xcode 3.2";
			developmentRegion = English;
			hasScannedForEncodings = 0;
			knownRegions = (
				Base,
			);
			mainGroup = BA5685391C763EA600D3B5FE;
			productRefGroup = BA5685431C763EA600D3B5FE /* Products */;
			projectDirPath = "";
			projectRoot = "";
			targets = (
				BA5685411C763EA600D3B5FE /* CoJezdzi */,
				BA5685551C763EA600D3B5FE /* CoJezdziTests */,
				BA5685601C763EA600D3B5FE /* CoJezdziUITests */,
			);
		};
/* End PBXProject section */

/* Begin PBXResourcesBuildPhase section */
		BA5685401C763EA600D3B5FE /* Resources */ = {
			isa = PBXResourcesBuildPhase;
			buildActionMask = 2147483647;
			files = (
				BA5685501C763EA600D3B5FE /* LaunchScreen.storyboard in Resources */,
				BA56854D1C763EA600D3B5FE /* Assets.xcassets in Resources */,
				BA56854B1C763EA600D3B5FE /* Main.storyboard in Resources */,
			);
			runOnlyForDeploymentPostprocessing = 0;
		};
		BA5685541C763EA600D3B5FE /* Resources */ = {
			isa = PBXResourcesBuildPhase;
			buildActionMask = 2147483647;
			files = (
			);
			runOnlyForDeploymentPostprocessing = 0;
		};
		BA56855F1C763EA600D3B5FE /* Resources */ = {
			isa = PBXResourcesBuildPhase;
			buildActionMask = 2147483647;
			files = (
			);
			runOnlyForDeploymentPostprocessing = 0;
		};
/* End PBXResourcesBuildPhase section */

/* Begin PBXShellScriptBuildPhase section */
		6860C709354CD82E0145D889 /* [CP] Embed Pods Frameworks */ = {
			isa = PBXShellScriptBuildPhase;
			buildActionMask = 2147483647;
			files = (
			);
			inputPaths = (
				"${SRCROOT}/Pods/Target Support Files/Pods-CoJezdzi/Pods-CoJezdzi-frameworks.sh",
				"${BUILT_PRODUCTS_DIR}/Colours/Colours.framework",
				"${BUILT_PRODUCTS_DIR}/HTTPStatusCodes/HTTPStatusCodes.framework",
				"${BUILT_PRODUCTS_DIR}/R.swift.Library/Rswift.framework",
				"${BUILT_PRODUCTS_DIR}/ReSwift/ReSwift.framework",
			);
			name = "[CP] Embed Pods Frameworks";
			outputPaths = (
				"${TARGET_BUILD_DIR}/${FRAMEWORKS_FOLDER_PATH}/Colours.framework",
				"${TARGET_BUILD_DIR}/${FRAMEWORKS_FOLDER_PATH}/HTTPStatusCodes.framework",
				"${TARGET_BUILD_DIR}/${FRAMEWORKS_FOLDER_PATH}/Rswift.framework",
				"${TARGET_BUILD_DIR}/${FRAMEWORKS_FOLDER_PATH}/ReSwift.framework",
			);
			runOnlyForDeploymentPostprocessing = 0;
			shellPath = /bin/sh;
			shellScript = "\"${SRCROOT}/Pods/Target Support Files/Pods-CoJezdzi/Pods-CoJezdzi-frameworks.sh\"\n";
			showEnvVarsInLog = 0;
		};
		6A16703F009F8ADF718EF658 /* [CP] Check Pods Manifest.lock */ = {
			isa = PBXShellScriptBuildPhase;
			buildActionMask = 2147483647;
			files = (
			);
			inputPaths = (
				"${PODS_PODFILE_DIR_PATH}/Podfile.lock",
				"${PODS_ROOT}/Manifest.lock",
			);
			name = "[CP] Check Pods Manifest.lock";
			outputPaths = (
				"$(DERIVED_FILE_DIR)/Pods-CoJezdzi-checkManifestLockResult.txt",
			);
			runOnlyForDeploymentPostprocessing = 0;
			shellPath = /bin/sh;
			shellScript = "diff \"${PODS_PODFILE_DIR_PATH}/Podfile.lock\" \"${PODS_ROOT}/Manifest.lock\" > /dev/null\nif [ $? != 0 ] ; then\n    # print error to STDERR\n    echo \"error: The sandbox is not in sync with the Podfile.lock. Run 'pod install' or update your CocoaPods installation.\" >&2\n    exit 1\nfi\n# This output is used by Xcode 'outputs' to avoid re-running this script phase.\necho \"SUCCESS\" > \"${SCRIPT_OUTPUT_FILE_0}\"\n";
			showEnvVarsInLog = 0;
		};
		7331AC2194BFF9BDCCD8C685 /* [CP] Copy Pods Resources */ = {
			isa = PBXShellScriptBuildPhase;
			buildActionMask = 2147483647;
			files = (
			);
			inputPaths = (
			);
			name = "[CP] Copy Pods Resources";
			outputPaths = (
			);
			runOnlyForDeploymentPostprocessing = 0;
			shellPath = /bin/sh;
			shellScript = "\"${SRCROOT}/Pods/Target Support Files/Pods-CoJezdzi/Pods-CoJezdzi-resources.sh\"\n";
			showEnvVarsInLog = 0;
		};
		BA724EEC1CB62CB300ACC84E /* Bup Build Number */ = {
			isa = PBXShellScriptBuildPhase;
			buildActionMask = 2147483647;
			files = (
			);
			inputPaths = (
			);
			name = "Bup Build Number";
			outputPaths = (
			);
			runOnlyForDeploymentPostprocessing = 0;
			shellPath = /bin/sh;
			shellScript = "#\n# http://blog.jaredsinclair.com/post/97193356620/the-best-of-all-possible-xcode-automated-build\n#\n# Set the build number to the current git commit count.\n# If we're using the Dev scheme, then we'll suffix the build\n# number with the current branch name, to make collisions\n# far less likely across feature branches.\n# Based on: http://w3facility.info/question/how-do-i-force-xcode-to-rebuild-the-info-plist-file-in-my-project-every-time-i-build-the-project/\n#\n# Updated with dSYM handling from http://yellowfeather.co.uk/blog/auto-incrementing-build-number-in-xcode-revisited/\n#\n\ngit=`sh /etc/profile; which git`\nappBuild=`\"$git\" rev-list HEAD --count`\nif [ $CONFIGURATION = \"Debug\" ]; then\nbranchName=`\"$git\" rev-parse --abbrev-ref HEAD`\n/usr/libexec/PlistBuddy -c \"Set :CFBundleVersion $appBuild-$branchName\" \"${TARGET_BUILD_DIR}/${INFOPLIST_PATH}\"\n/usr/libexec/PlistBuddy -c \"Set :CFBundleVersion $appBuild-$branchName\" \"${BUILT_PRODUCTS_DIR}/${WRAPPER_NAME}.dSYM/Contents/Info.plist\"\nelse\n/usr/libexec/PlistBuddy -c \"Set :CFBundleVersion $appBuild\" \"${TARGET_BUILD_DIR}/${INFOPLIST_PATH}\"\n/usr/libexec/PlistBuddy -c \"Set :CFBundleVersion $appBuild\" \"${BUILT_PRODUCTS_DIR}/${WRAPPER_NAME}.dSYM/Contents/Info.plist\"\nfi\necho \"Incremented the build number ${TARGET_BUILD_DIR}/${INFOPLIST_PATH}\"";
		};
		EF426701209275410076238D /* Rswift */ = {
			isa = PBXShellScriptBuildPhase;
			buildActionMask = 2147483647;
			files = (
			);
			inputPaths = (
			);
			name = Rswift;
			outputPaths = (
			);
			runOnlyForDeploymentPostprocessing = 0;
			shellPath = /bin/sh;
			shellScript = "\"$PODS_ROOT/R.swift/rswift\" generate \"$SRCROOT/CoJezdzi/_Misc/\"";
		};
/* End PBXShellScriptBuildPhase section */

/* Begin PBXSourcesBuildPhase section */
		BA56853E1C763EA600D3B5FE /* Sources */ = {
			isa = PBXSourcesBuildPhase;
			buildActionMask = 2147483647;
			files = (
				EF61151020A4DB3C00E05E02 /* SelectedLineRemoveAllAction.swift in Sources */,
				EFEE79002097D40D00F95E77 /* MapState.swift in Sources */,
				EF42670B2097918A0076238D /* RoutingReducer.swift in Sources */,
				EF0DC0E920B95989000BF4DB /* SettingsDidRestoreAction.swift in Sources */,
				EF61151720A7083400E05E02 /* AppMiddleware.swift in Sources */,
				EF4267172097BF3F0076238D /* WarsawApiConstantsDoNotTrack.swift in Sources */,
				EF4266FA209273C80076238D /* TAnnotationView.swift in Sources */,
				EFD085A620AB68DE00DE3F55 /* Routable.swift in Sources */,
				EF61150820A4BE1200E05E02 /* SelectedLinesState.swift in Sources */,
				EFEE79022097D46800F95E77 /* MapSceneReducer.swift in Sources */,
				EF42671B2097CB1D0076238D /* Result.swift in Sources */,
				EF4266F8209273C80076238D /* SwitchTableViewCell.swift in Sources */,
				EF4266F9209273C80076238D /* TAnnotation.swift in Sources */,
				EFEE78FC2097D21800F95E77 /* MapScene+CLLocationManagerDelegate.swift in Sources */,
				EF4266C72092641C0076238D /* FetchTramsAction.swift in Sources */,
				EF4266CB209264DC0076238D /* AppReducer.swift in Sources */,
				EFB5C2A8209CE04C00BB5855 /* SettingsState.swift in Sources */,
				EF4266D52092733A0076238D /* R.generated.swift in Sources */,
				EF4267152097BD030076238D /* C.Networking.swift in Sources */,
				EF4266C3209263250076238D /* AppState.swift in Sources */,
				EF4267052097543A0076238D /* VehicleState.swift in Sources */,
				EF0DC0E320B88528000BF4DB /* Persistence.swift in Sources */,
				EF4266F7209273C80076238D /* SettingsVC.swift in Sources */,
				EF61150C20A4C05500E05E02 /* SelectedLineAddAction.swift in Sources */,
				EF47764E20A8DA4E006D7107 /* GamePlayAppRouter.swift in Sources */,
				EF4266F1209273C80076238D /* FilterCollectionViewCell.swift in Sources */,
				EFEE78FE2097D28200F95E77 /* MapScene+MKMapViewDelegate.swift in Sources */,
				EFD085A420AB4EBD00DE3F55 /* Nodes.swift in Sources */,
				EF4266F2209273C80076238D /* FilterLinesCVC.swift in Sources */,
				EFB5C2AA209CE14C00BB5855 /* SettingsReducer.swift in Sources */,
				EF61151420A645A800E05E02 /* TDataAnnotation.swift in Sources */,
				EF4266ED209273C80076238D /* Constants.swift in Sources */,
				BA5685461C763EA600D3B5FE /* AppDelegate.swift in Sources */,
				EF4266F4209273C80076238D /* MapScene.swift in Sources */,
				EF4266C9209264640076238D /* FetchBussesAction.swift in Sources */,
				EFB5C2A3209A35B500BB5855 /* WarsawApiResultDto.swift in Sources */,
				EF42670920978E940076238D /* RoutingState.swift in Sources */,
				EF426700209273C80076238D /* WebScene.swift in Sources */,
				EF61150E20A4C08C00E05E02 /* SelectedLineRemoveAction.swift in Sources */,
				EF4267132097B9760076238D /* WarsawApi.swift in Sources */,
				EF611503209E53BB00E05E02 /* SettingsSwitchAction.swift in Sources */,
				EF4266CF209266560076238D /* WarsawVehicleDto.swift in Sources */,
				EF4267192097C2090076238D /* RoutingActions.swift in Sources */,
				EF61151220A6380D00E05E02 /* GlobalUtilFunctions.swift in Sources */,
				EFB5C2A6209C712E00BB5855 /* PolylineMaker.swift in Sources */,
				EF4266FD209273C80076238D /* URL_Extensions.swift in Sources */,
				EF4266D2209267DC0076238D /* VehicleType.swift in Sources */,
				EF4267112097B9290076238D /* WarsawApiConstants.swift in Sources */,
			);
			runOnlyForDeploymentPostprocessing = 0;
		};
		BA5685521C763EA600D3B5FE /* Sources */ = {
			isa = PBXSourcesBuildPhase;
			buildActionMask = 2147483647;
			files = (
				EF0DC0E520B8A59C000BF4DB /* CustomCodableTests.swift in Sources */,
				EF0DC0E720B8C102000BF4DB /* THC.swift in Sources */,
			);
			runOnlyForDeploymentPostprocessing = 0;
		};
		BA56855D1C763EA600D3B5FE /* Sources */ = {
			isa = PBXSourcesBuildPhase;
			buildActionMask = 2147483647;
			files = (
				BA5685661C763EA600D3B5FE /* CoJezdziUITests.swift in Sources */,
			);
			runOnlyForDeploymentPostprocessing = 0;
		};
/* End PBXSourcesBuildPhase section */

/* Begin PBXTargetDependency section */
		BA5685581C763EA600D3B5FE /* PBXTargetDependency */ = {
			isa = PBXTargetDependency;
			target = BA5685411C763EA600D3B5FE /* CoJezdzi */;
			targetProxy = BA5685571C763EA600D3B5FE /* PBXContainerItemProxy */;
		};
		BA5685631C763EA600D3B5FE /* PBXTargetDependency */ = {
			isa = PBXTargetDependency;
			target = BA5685411C763EA600D3B5FE /* CoJezdzi */;
			targetProxy = BA5685621C763EA600D3B5FE /* PBXContainerItemProxy */;
		};
/* End PBXTargetDependency section */

/* Begin PBXVariantGroup section */
		BA5685491C763EA600D3B5FE /* Main.storyboard */ = {
			isa = PBXVariantGroup;
			children = (
				BA56854A1C763EA600D3B5FE /* Base */,
			);
			name = Main.storyboard;
			sourceTree = "<group>";
		};
		BA56854E1C763EA600D3B5FE /* LaunchScreen.storyboard */ = {
			isa = PBXVariantGroup;
			children = (
				BA56854F1C763EA600D3B5FE /* Base */,
			);
			name = LaunchScreen.storyboard;
			sourceTree = "<group>";
		};
/* End PBXVariantGroup section */

/* Begin XCBuildConfiguration section */
		BA5685681C763EA600D3B5FE /* Debug */ = {
			isa = XCBuildConfiguration;
			buildSettings = {
				ALWAYS_SEARCH_USER_PATHS = NO;
				CLANG_CXX_LANGUAGE_STANDARD = "gnu++0x";
				CLANG_CXX_LIBRARY = "libc++";
				CLANG_ENABLE_MODULES = YES;
				CLANG_ENABLE_OBJC_ARC = YES;
				CLANG_WARN_BLOCK_CAPTURE_AUTORELEASING = YES;
				CLANG_WARN_BOOL_CONVERSION = YES;
				CLANG_WARN_COMMA = YES;
				CLANG_WARN_CONSTANT_CONVERSION = YES;
				CLANG_WARN_DEPRECATED_OBJC_IMPLEMENTATIONS = YES;
				CLANG_WARN_DIRECT_OBJC_ISA_USAGE = YES_ERROR;
				CLANG_WARN_EMPTY_BODY = YES;
				CLANG_WARN_ENUM_CONVERSION = YES;
				CLANG_WARN_INFINITE_RECURSION = YES;
				CLANG_WARN_INT_CONVERSION = YES;
				CLANG_WARN_NON_LITERAL_NULL_CONVERSION = YES;
				CLANG_WARN_OBJC_IMPLICIT_RETAIN_SELF = YES;
				CLANG_WARN_OBJC_LITERAL_CONVERSION = YES;
				CLANG_WARN_OBJC_ROOT_CLASS = YES_ERROR;
				CLANG_WARN_RANGE_LOOP_ANALYSIS = YES;
				CLANG_WARN_STRICT_PROTOTYPES = YES;
				CLANG_WARN_SUSPICIOUS_MOVE = YES;
				CLANG_WARN_UNREACHABLE_CODE = YES;
				CLANG_WARN__DUPLICATE_METHOD_MATCH = YES;
				"CODE_SIGN_IDENTITY[sdk=iphoneos*]" = "iPhone Developer";
				COPY_PHASE_STRIP = NO;
				DEBUG_INFORMATION_FORMAT = dwarf;
				ENABLE_STRICT_OBJC_MSGSEND = YES;
				ENABLE_TESTABILITY = YES;
				GCC_C_LANGUAGE_STANDARD = gnu99;
				GCC_DYNAMIC_NO_PIC = NO;
				GCC_NO_COMMON_BLOCKS = YES;
				GCC_OPTIMIZATION_LEVEL = 0;
				GCC_PREPROCESSOR_DEFINITIONS = (
					"DEBUG=1",
					"$(inherited)",
				);
				GCC_WARN_64_TO_32_BIT_CONVERSION = YES;
				GCC_WARN_ABOUT_RETURN_TYPE = YES_ERROR;
				GCC_WARN_UNDECLARED_SELECTOR = YES;
				GCC_WARN_UNINITIALIZED_AUTOS = YES_AGGRESSIVE;
				GCC_WARN_UNUSED_FUNCTION = YES;
				GCC_WARN_UNUSED_VARIABLE = YES;
				IPHONEOS_DEPLOYMENT_TARGET = 11.3;
				MTL_ENABLE_DEBUG_INFO = YES;
				ONLY_ACTIVE_ARCH = YES;
				OTHER_SWIFT_FLAGS = "-D DEBUG";
				SDKROOT = iphoneos;
				SWIFT_OPTIMIZATION_LEVEL = "-Onone";
				TARGETED_DEVICE_FAMILY = "1,2";
			};
			name = Debug;
		};
		BA5685691C763EA600D3B5FE /* Release */ = {
			isa = XCBuildConfiguration;
			buildSettings = {
				ALWAYS_SEARCH_USER_PATHS = NO;
				CLANG_CXX_LANGUAGE_STANDARD = "gnu++0x";
				CLANG_CXX_LIBRARY = "libc++";
				CLANG_ENABLE_MODULES = YES;
				CLANG_ENABLE_OBJC_ARC = YES;
				CLANG_WARN_BLOCK_CAPTURE_AUTORELEASING = YES;
				CLANG_WARN_BOOL_CONVERSION = YES;
				CLANG_WARN_COMMA = YES;
				CLANG_WARN_CONSTANT_CONVERSION = YES;
				CLANG_WARN_DEPRECATED_OBJC_IMPLEMENTATIONS = YES;
				CLANG_WARN_DIRECT_OBJC_ISA_USAGE = YES_ERROR;
				CLANG_WARN_EMPTY_BODY = YES;
				CLANG_WARN_ENUM_CONVERSION = YES;
				CLANG_WARN_INFINITE_RECURSION = YES;
				CLANG_WARN_INT_CONVERSION = YES;
				CLANG_WARN_NON_LITERAL_NULL_CONVERSION = YES;
				CLANG_WARN_OBJC_IMPLICIT_RETAIN_SELF = YES;
				CLANG_WARN_OBJC_LITERAL_CONVERSION = YES;
				CLANG_WARN_OBJC_ROOT_CLASS = YES_ERROR;
				CLANG_WARN_RANGE_LOOP_ANALYSIS = YES;
				CLANG_WARN_STRICT_PROTOTYPES = YES;
				CLANG_WARN_SUSPICIOUS_MOVE = YES;
				CLANG_WARN_UNREACHABLE_CODE = YES;
				CLANG_WARN__DUPLICATE_METHOD_MATCH = YES;
				"CODE_SIGN_IDENTITY[sdk=iphoneos*]" = "iPhone Developer";
				COPY_PHASE_STRIP = NO;
				DEBUG_INFORMATION_FORMAT = "dwarf-with-dsym";
				ENABLE_NS_ASSERTIONS = NO;
				ENABLE_STRICT_OBJC_MSGSEND = YES;
				GCC_C_LANGUAGE_STANDARD = gnu99;
				GCC_NO_COMMON_BLOCKS = YES;
				GCC_WARN_64_TO_32_BIT_CONVERSION = YES;
				GCC_WARN_ABOUT_RETURN_TYPE = YES_ERROR;
				GCC_WARN_UNDECLARED_SELECTOR = YES;
				GCC_WARN_UNINITIALIZED_AUTOS = YES_AGGRESSIVE;
				GCC_WARN_UNUSED_FUNCTION = YES;
				GCC_WARN_UNUSED_VARIABLE = YES;
				IPHONEOS_DEPLOYMENT_TARGET = 11.3;
				MTL_ENABLE_DEBUG_INFO = NO;
				OTHER_SWIFT_FLAGS = "";
				SDKROOT = iphoneos;
				SWIFT_OPTIMIZATION_LEVEL = "-Owholemodule";
				TARGETED_DEVICE_FAMILY = "1,2";
				VALIDATE_PRODUCT = YES;
			};
			name = Release;
		};
		BA56856B1C763EA600D3B5FE /* Debug */ = {
			isa = XCBuildConfiguration;
			baseConfigurationReference = 2F7C59AC0D760AAD5A1347B4 /* Pods-CoJezdzi.debug.xcconfig */;
			buildSettings = {
				ALWAYS_EMBED_SWIFT_STANDARD_LIBRARIES = "$(inherited)";
				ASSETCATALOG_COMPILER_APPICON_NAME = AppIcon;
				CLANG_ENABLE_MODULES = YES;
				CODE_SIGN_IDENTITY = "iPhone Developer";
				"CODE_SIGN_IDENTITY[sdk=iphoneos*]" = "iPhone Developer";
				CODE_SIGN_STYLE = Automatic;
				DEBUG_INFORMATION_FORMAT = "dwarf-with-dsym";
				DEVELOPMENT_TEAM = Q79FTA4VEX;
				INFOPLIST_FILE = CoJezdzi/Info.plist;
				LD_RUNPATH_SEARCH_PATHS = "$(inherited) @executable_path/Frameworks";
				PRODUCT_BUNDLE_IDENTIFIER = com.lukasz.stocki.CoJezdzi;
				PRODUCT_NAME = "$(TARGET_NAME)";
				PROVISIONING_PROFILE = "";
				PROVISIONING_PROFILE_SPECIFIER = "";
				SWIFT_OPTIMIZATION_LEVEL = "-Onone";
				SWIFT_SWIFT3_OBJC_INFERENCE = On;
				SWIFT_VERSION = 4.0;
			};
			name = Debug;
		};
		BA56856C1C763EA600D3B5FE /* Release */ = {
			isa = XCBuildConfiguration;
			baseConfigurationReference = F0BFC42A0906562B0FEAA840 /* Pods-CoJezdzi.release.xcconfig */;
			buildSettings = {
				ALWAYS_EMBED_SWIFT_STANDARD_LIBRARIES = "$(inherited)";
				ASSETCATALOG_COMPILER_APPICON_NAME = AppIcon;
				CLANG_ENABLE_MODULES = YES;
				CODE_SIGN_IDENTITY = "iPhone Developer";
				"CODE_SIGN_IDENTITY[sdk=iphoneos*]" = "iPhone Developer";
				CODE_SIGN_STYLE = Automatic;
				DEBUG_INFORMATION_FORMAT = "dwarf-with-dsym";
				DEVELOPMENT_TEAM = Q79FTA4VEX;
				INFOPLIST_FILE = CoJezdzi/Info.plist;
				LD_RUNPATH_SEARCH_PATHS = "$(inherited) @executable_path/Frameworks";
				PRODUCT_BUNDLE_IDENTIFIER = com.lukasz.stocki.CoJezdzi;
				PRODUCT_NAME = "$(TARGET_NAME)";
				PROVISIONING_PROFILE = "";
				PROVISIONING_PROFILE_SPECIFIER = "";
				SWIFT_SWIFT3_OBJC_INFERENCE = On;
				SWIFT_VERSION = 4.0;
			};
			name = Release;
		};
		BA56856E1C763EA600D3B5FE /* Debug */ = {
			isa = XCBuildConfiguration;
			buildSettings = {
				BUNDLE_LOADER = "$(TEST_HOST)";
				CLANG_ENABLE_MODULES = YES;
				INFOPLIST_FILE = CoJezdziTests/Info.plist;
				LD_RUNPATH_SEARCH_PATHS = "$(inherited) @executable_path/Frameworks @loader_path/Frameworks";
				PRODUCT_BUNDLE_IDENTIFIER = com.acme.lukasz.stocki.CoJezdziTests;
				PRODUCT_NAME = "$(TARGET_NAME)";
				SWIFT_OPTIMIZATION_LEVEL = "-Onone";
				SWIFT_SWIFT3_OBJC_INFERENCE = On;
				SWIFT_VERSION = 4.0;
				TEST_HOST = "$(BUILT_PRODUCTS_DIR)/CoJezdzi.app/CoJezdzi";
			};
			name = Debug;
		};
		BA56856F1C763EA600D3B5FE /* Release */ = {
			isa = XCBuildConfiguration;
			buildSettings = {
				BUNDLE_LOADER = "$(TEST_HOST)";
				CLANG_ENABLE_MODULES = YES;
				INFOPLIST_FILE = CoJezdziTests/Info.plist;
				LD_RUNPATH_SEARCH_PATHS = "$(inherited) @executable_path/Frameworks @loader_path/Frameworks";
				PRODUCT_BUNDLE_IDENTIFIER = com.acme.lukasz.stocki.CoJezdziTests;
				PRODUCT_NAME = "$(TARGET_NAME)";
				SWIFT_SWIFT3_OBJC_INFERENCE = On;
				SWIFT_VERSION = 4.0;
				TEST_HOST = "$(BUILT_PRODUCTS_DIR)/CoJezdzi.app/CoJezdzi";
			};
			name = Release;
		};
		BA5685711C763EA600D3B5FE /* Debug */ = {
			isa = XCBuildConfiguration;
			buildSettings = {
				INFOPLIST_FILE = CoJezdziUITests/Info.plist;
				LD_RUNPATH_SEARCH_PATHS = "$(inherited) @executable_path/Frameworks @loader_path/Frameworks";
				PRODUCT_BUNDLE_IDENTIFIER = com.acme.lukasz.stocki.CoJezdziUITests;
				PRODUCT_NAME = "$(TARGET_NAME)";
				SWIFT_SWIFT3_OBJC_INFERENCE = On;
				SWIFT_VERSION = 4.0;
				TEST_TARGET_NAME = CoJezdzi;
				USES_XCTRUNNER = YES;
			};
			name = Debug;
		};
		BA5685721C763EA600D3B5FE /* Release */ = {
			isa = XCBuildConfiguration;
			buildSettings = {
				INFOPLIST_FILE = CoJezdziUITests/Info.plist;
				LD_RUNPATH_SEARCH_PATHS = "$(inherited) @executable_path/Frameworks @loader_path/Frameworks";
				PRODUCT_BUNDLE_IDENTIFIER = com.acme.lukasz.stocki.CoJezdziUITests;
				PRODUCT_NAME = "$(TARGET_NAME)";
				SWIFT_SWIFT3_OBJC_INFERENCE = On;
				SWIFT_VERSION = 4.0;
				TEST_TARGET_NAME = CoJezdzi;
				USES_XCTRUNNER = YES;
			};
			name = Release;
		};
/* End XCBuildConfiguration section */

/* Begin XCConfigurationList section */
		BA56853D1C763EA600D3B5FE /* Build configuration list for PBXProject "CoJezdzi" */ = {
			isa = XCConfigurationList;
			buildConfigurations = (
				BA5685681C763EA600D3B5FE /* Debug */,
				BA5685691C763EA600D3B5FE /* Release */,
			);
			defaultConfigurationIsVisible = 0;
			defaultConfigurationName = Release;
		};
		BA56856A1C763EA600D3B5FE /* Build configuration list for PBXNativeTarget "CoJezdzi" */ = {
			isa = XCConfigurationList;
			buildConfigurations = (
				BA56856B1C763EA600D3B5FE /* Debug */,
				BA56856C1C763EA600D3B5FE /* Release */,
			);
			defaultConfigurationIsVisible = 0;
			defaultConfigurationName = Release;
		};
		BA56856D1C763EA600D3B5FE /* Build configuration list for PBXNativeTarget "CoJezdziTests" */ = {
			isa = XCConfigurationList;
			buildConfigurations = (
				BA56856E1C763EA600D3B5FE /* Debug */,
				BA56856F1C763EA600D3B5FE /* Release */,
			);
			defaultConfigurationIsVisible = 0;
			defaultConfigurationName = Release;
		};
		BA5685701C763EA600D3B5FE /* Build configuration list for PBXNativeTarget "CoJezdziUITests" */ = {
			isa = XCConfigurationList;
			buildConfigurations = (
				BA5685711C763EA600D3B5FE /* Debug */,
				BA5685721C763EA600D3B5FE /* Release */,
			);
			defaultConfigurationIsVisible = 0;
			defaultConfigurationName = Release;
		};
/* End XCConfigurationList section */
	};
	rootObject = BA56853A1C763EA600D3B5FE /* Project object */;
}
